
Microsoft Visual Studio Solution File, Format Version 12.00
# Visual Studio Version 17
VisualStudioVersion = 17.11.35327.3
MinimumVisualStudioVersion = 10.0.40219.1
Project("{FAE04EC0-301F-11D3-BF4B-00C04F79EFBC}") = "Practica01", "Modulo01\Practica01.csproj", "{3FF126CB-65A1-4A10-BA7C-F50934AC2E6F}"
EndProject
Project("{FAE04EC0-301F-11D3-BF4B-00C04F79EFBC}") = "Practica02", "Practica02\Practica02.csproj", "{401D9740-945F-4892-BB7E-0A0D7CB7EE2B}"
EndProject
Project("{FAE04EC0-301F-11D3-BF4B-00C04F79EFBC}") = "DominioPokedex", "Dominio\DominioPokedex.csproj", "{736EC879-9063-4871-A38C-29C49274E40A}"
EndProject
Project("{FAE04EC0-301F-11D3-BF4B-00C04F79EFBC}") = "NegocioPokedex", "NegocioPokedex\NegocioPokedex.csproj", "{F0F3A15C-96A6-4A21-8DBD-5A8B5CA4BDE5}"
EndProject
Project("{FAE04EC0-301F-11D3-BF4B-00C04F79EFBC}") = "FrontPokedex", "FrontPokedex\FrontPokedex.csproj", "{4A85DFF6-43BC-4539-8894-7385A7AFCFBD}"
EndProject
Global
	GlobalSection(SolutionConfigurationPlatforms) = preSolution
		Debug|Any CPU = Debug|Any CPU
		Release|Any CPU = Release|Any CPU
	EndGlobalSection
	GlobalSection(ProjectConfigurationPlatforms) = postSolution
		{3FF126CB-65A1-4A10-BA7C-F50934AC2E6F}.Debug|Any CPU.ActiveCfg = Debug|Any CPU
		{3FF126CB-65A1-4A10-BA7C-F50934AC2E6F}.Debug|Any CPU.Build.0 = Debug|Any CPU
		{3FF126CB-65A1-4A10-BA7C-F50934AC2E6F}.Release|Any CPU.ActiveCfg = Release|Any CPU
		{3FF126CB-65A1-4A10-BA7C-F50934AC2E6F}.Release|Any CPU.Build.0 = Release|Any CPU
		{401D9740-945F-4892-BB7E-0A0D7CB7EE2B}.Debug|Any CPU.ActiveCfg = Debug|Any CPU
		{401D9740-945F-4892-BB7E-0A0D7CB7EE2B}.Debug|Any CPU.Build.0 = Debug|Any CPU
		{401D9740-945F-4892-BB7E-0A0D7CB7EE2B}.Release|Any CPU.ActiveCfg = Release|Any CPU
		{401D9740-945F-4892-BB7E-0A0D7CB7EE2B}.Release|Any CPU.Build.0 = Release|Any CPU
		{736EC879-9063-4871-A38C-29C49274E40A}.Debug|Any CPU.ActiveCfg = Debug|Any CPU
		{736EC879-9063-4871-A38C-29C49274E40A}.Debug|Any CPU.Build.0 = Debug|Any CPU
		{736EC879-9063-4871-A38C-29C49274E40A}.Release|Any CPU.ActiveCfg = Release|Any CPU
		{736EC879-9063-4871-A38C-29C49274E40A}.Release|Any CPU.Build.0 = Release|Any CPU
		{F0F3A15C-96A6-4A21-8DBD-5A8B5CA4BDE5}.Debug|Any CPU.ActiveCfg = Debug|Any CPU
		{F0F3A15C-96A6-4A21-8DBD-5A8B5CA4BDE5}.Debug|Any CPU.Build.0 = Debug|Any CPU
		{F0F3A15C-96A6-4A21-8DBD-5A8B5CA4BDE5}.Release|Any CPU.ActiveCfg = Release|Any CPU
		{F0F3A15C-96A6-4A21-8DBD-5A8B5CA4BDE5}.Release|Any CPU.Build.0 = Release|Any CPU
		{4A85DFF6-43BC-4539-8894-7385A7AFCFBD}.Debug|Any CPU.ActiveCfg = Debug|Any CPU
		{4A85DFF6-43BC-4539-8894-7385A7AFCFBD}.Debug|Any CPU.Build.0 = Debug|Any CPU
		{4A85DFF6-43BC-4539-8894-7385A7AFCFBD}.Release|Any CPU.ActiveCfg = Release|Any CPU
		{4A85DFF6-43BC-4539-8894-7385A7AFCFBD}.Release|Any CPU.Build.0 = Release|Any CPU
	EndGlobalSection
	GlobalSection(SolutionProperties) = preSolution
		HideSolutionNode = FALSE
	EndGlobalSection
	GlobalSection(ExtensibilityGlobals) = postSolution
		SolutionGuid = {8C65F42B-FCB0-42AD-8713-B187A47100AA}
	EndGlobalSection
EndGlobal
